// !$*UTF8*$!
{
	archiveVersion = 1;
	classes = {
	};
	objectVersion = 77;
	objects = {

/* Begin PBXBuildFile section */
		02815573E00DD957457F2268 /* StupidWalletCore.framework in Frameworks */ = {isa = PBXBuildFile; fileRef = 012B0DC760BD3306C4F0480C /* StupidWalletCore.framework */; };
		059C93ACEBE172A3BE967255 /* shim_precomputed_ecmult_gen.c in Sources */ = {isa = PBXBuildFile; fileRef = 906BAA1A6741FE7686424D4E /* shim_precomputed_ecmult_gen.c */; };
		064C9F3470A70AAED936E590 /* RLP.swift in Sources */ = {isa = PBXBuildFile; fileRef = 88440EFE96B5378DF8AFDB7B /* RLP.swift */; };
		07A3D604028112FED40A82FD /* Decoder.swift in Sources */ = {isa = PBXBuildFile; fileRef = 4CC8851AE4288B4E3F1CB56B /* Decoder.swift */; };
		084D7587D0152B43C64A9A69 /* StupidWallet.swift in Sources */ = {isa = PBXBuildFile; fileRef = 9D03C7FC5D6EDAFAB3683562 /* StupidWallet.swift */; };
		0D4294DFCE7AB070AC01C5F9 /* ENSResolver.swift in Sources */ = {isa = PBXBuildFile; fileRef = 2DC991DA948809FCD7B34292 /* ENSResolver.swift */; };
		0EEFB3DF928A1F021BE2C2BA /* SafariWebExtensionHandler.swift in Sources */ = {isa = PBXBuildFile; fileRef = 5BBCC889C759215206DBD387 /* SafariWebExtensionHandler.swift */; };
		1120A98E4BFCA1BA6809A306 /* ProtectedOperationCancellation.swift in Sources */ = {isa = PBXBuildFile; fileRef = 1EC42A5FDA22F66AA266E788 /* ProtectedOperationCancellation.swift */; };
		16DC509700AD4F438171F279 /* BalanceCache.swift in Sources */ = {isa = PBXBuildFile; fileRef = FDD2D3F1F4EF6B666DF7AF53 /* BalanceCache.swift */; };
		1F46696A6B991978E17E6512 /* NativeBalance.swift in Sources */ = {isa = PBXBuildFile; fileRef = E30929CBB0C2141D491B1797 /* NativeBalance.swift */; };
		23754A094EE5E086C5433284 /* EthereumKeys.swift in Sources */ = {isa = PBXBuildFile; fileRef = 68FA8C5C7B0DDB75646B2FEF /* EthereumKeys.swift */; };
		257B3A8313A3111EA810CA62 /* AuthorizationService.swift in Sources */ = {isa = PBXBuildFile; fileRef = 348091CA1BAC799D8FC11D5B /* AuthorizationService.swift */; };
		264735E1789A7B55F7828A08 /* Secp256k1.swift in Sources */ = {isa = PBXBuildFile; fileRef = C4F73A62CDBB29D6506B64EE /* Secp256k1.swift */; };
		269940C61F5D34C2A1DF9429 /* LocalAuth.swift in Sources */ = {isa = PBXBuildFile; fileRef = E7EB2369EDDF438B44C7DE90 /* LocalAuth.swift */; };
		2CD8E512B17D995551F303A3 /* WalletService.swift in Sources */ = {isa = PBXBuildFile; fileRef = 86AAD4731E672E7DDD86387E /* WalletService.swift */; };
		31F6D274EB7C5789882CEAEC /* ChainStore.swift in Sources */ = {isa = PBXBuildFile; fileRef = 9EB783696B392EB9F560004D /* ChainStore.swift */; };
		3298D300D0050C6F6A6EA012 /* TransactionSubmissionLock.swift in Sources */ = {isa = PBXBuildFile; fileRef = A1B6E410CD542585FBFA36DC /* TransactionSubmissionLock.swift */; };
		32FB4C2359A9877034D96C05 /* ConnectionState.swift in Sources */ = {isa = PBXBuildFile; fileRef = FB51D1B476EBDA063E82E2C2 /* ConnectionState.swift */; };
		331E2C3079D645388D989C5F /* ContentView.swift in Sources */ = {isa = PBXBuildFile; fileRef = F0D0B0649E30101D7F0C34F8 /* ContentView.swift */; };
		3560CD740097FFB2A29D42AA /* ChromePairing.swift in Sources */ = {isa = PBXBuildFile; fileRef = 28E93C51E73FE6A8F552CC12 /* ChromePairing.swift */; };
		357FE8DAA1835CCED8DF8206 /* TokensView.swift in Sources */ = {isa = PBXBuildFile; fileRef = F24BE34B548047EDD1146B97 /* TokensView.swift */; };
		36F33BABE207D435693DC061 /* WalletToken.swift in Sources */ = {isa = PBXBuildFile; fileRef = BB8DE0E183467FF6F0A28953 /* WalletToken.swift */; };
		3966B2B11CD20D12CB9247C1 /* StupidWalletCore.framework in Embed Frameworks */ = {isa = PBXBuildFile; fileRef = 012B0DC760BD3306C4F0480C /* StupidWalletCore.framework */; settings = {ATTRIBUTES = (CodeSignOnCopy, RemoveHeadersOnCopy, ); }; };
		39A75459040A870C4A7939D9 /* WalletStore.swift in Sources */ = {isa = PBXBuildFile; fileRef = D830C52200C7571885CE3FB5 /* WalletStore.swift */; };
		3A40DD79B98CC2E96E9FE012 /* EIP712.swift in Sources */ = {isa = PBXBuildFile; fileRef = 87CD1C14873B3BD8081898F0 /* EIP712.swift */; };
		3A573DB1A09F2DD4A88C19E4 /* NF.swift in Sources */ = {isa = PBXBuildFile; fileRef = AF2E428179BAD69FFE02F0DF /* NF.swift */; };
		447D58C9AAC9B945823AA7FA /* SecurityWalletBackend.swift in Sources */ = {isa = PBXBuildFile; fileRef = B22BA3A51053487789AE3CB7 /* SecurityWalletBackend.swift */; };
		455DDFD74DA2EAEFF16F2787 /* BIP39EnglishWords.swift in Sources */ = {isa = PBXBuildFile; fileRef = 4E4706307526D2B5972ADD55 /* BIP39EnglishWords.swift */; };
		45C338D27601C3984B1B58DB /* JSONValue.swift in Sources */ = {isa = PBXBuildFile; fileRef = 7C35F59B11CA1F457104022B /* JSONValue.swift */; };
		460F603B0EA70E9737C8D504 /* ApprovalRequest.swift in Sources */ = {isa = PBXBuildFile; fileRef = C04A3258C4CCF6A06626E497 /* ApprovalRequest.swift */; };
		4A3181375724E58C6F0F0BCD /* WalletViewModel.swift in Sources */ = {isa = PBXBuildFile; fileRef = 94F81F84909C5D054FE3478F /* WalletViewModel.swift */; };
		51E654AD87080F4AC93D727C /* Cp.swift in Sources */ = {isa = PBXBuildFile; fileRef = E8ABDCED2906E6A725714FAA /* Cp.swift */; };
		5604C94E3224E30554810401 /* BIP39.swift in Sources */ = {isa = PBXBuildFile; fileRef = BDC5153B181C9766F6548D32 /* BIP39.swift */; };
		5C27B09A9B6ED5D49F520C09 /* MethodPolicy.swift in Sources */ = {isa = PBXBuildFile; fileRef = 0E1FB5E984DAF3641CF4878A /* MethodPolicy.swift */; };
		5E4E52C28DD92C6C0A3998A0 /* WalletBalanceService.swift in Sources */ = {isa = PBXBuildFile; fileRef = 0DD4731EACA4E069040DB58B /* WalletBalanceService.swift */; };
		651EAC79BD7DC5BC369269C9 /* ActivityStore.swift in Sources */ = {isa = PBXBuildFile; fileRef = D13AD695D684BD40E88442E1 /* ActivityStore.swift */; };
		65D9B99674DC8D618808B118 /* Simple7702AccountDeploymentStore.swift in Sources */ = {isa = PBXBuildFile; fileRef = 4CD19BD84C68AEFE66A8A4C8 /* Simple7702AccountDeploymentStore.swift */; };
		690E035E21F2BF2B46BF6CAC /* Simple7702AccountDeployment.swift in Sources */ = {isa = PBXBuildFile; fileRef = 98D080F598539D797AE66409 /* Simple7702AccountDeployment.swift */; };
		75915A64A5E5E2A5921F7305 /* StupidWalletSafari.appex in Embed Foundation Extensions */ = {isa = PBXBuildFile; fileRef = 36C3846D49245E93978A96DD /* StupidWalletSafari.appex */; settings = {ATTRIBUTES = (RemoveHeadersOnCopy, ); }; };
		76A1A76961885E36A1521CBC /* AccountPickerView.swift in Sources */ = {isa = PBXBuildFile; fileRef = DED380B5F24CCE470A87CAEF /* AccountPickerView.swift */; };
		7856C21B1F3DDFD20D888829 /* WalletRegistry.swift in Sources */ = {isa = PBXBuildFile; fileRef = 62B341FCB43DD82DE4E082C3 /* WalletRegistry.swift */; };
		78B059CFF54FBDC73006BB61 /* ImportWalletView.swift in Sources */ = {isa = PBXBuildFile; fileRef = 682ECBDA2EBFA8C35F794024 /* ImportWalletView.swift */; };
		798AA80EE13854D165840A68 /* ClearSigningRegistry.swift in Sources */ = {isa = PBXBuildFile; fileRef = A6EAA2520BA59430184FD903 /* ClearSigningRegistry.swift */; };
		7C671832BF213D04C404AA3A /* PersistenceFaultInjection.swift in Sources */ = {isa = PBXBuildFile; fileRef = 70479EFC070244F8EF472843 /* PersistenceFaultInjection.swift */; };
		7D46B05E10248896D92A1BA2 /* NormalizationData.swift in Sources */ = {isa = PBXBuildFile; fileRef = A71F05102BC75CEC1FD6045C /* NormalizationData.swift */; };
		8035F9042C2D3C092A77AC95 /* KeychainKeyStore.swift in Sources */ = {isa = PBXBuildFile; fileRef = 59DBDA970A11A93603D29534 /* KeychainKeyStore.swift */; };
		80BC41EC874DC4921F2E3223 /* WalletFactory.swift in Sources */ = {isa = PBXBuildFile; fileRef = 5E2D0B5865C4CEE25B23D9AE /* WalletFactory.swift */; };
		81E941D44151437F00B9D275 /* NetworksView.swift in Sources */ = {isa = PBXBuildFile; fileRef = D27F43E40C627ABD7BA15EDA /* NetworksView.swift */; };
		822BC0A273C3782AD0F4273F /* StupidWalletCore.framework in Frameworks */ = {isa = PBXBuildFile; fileRef = 012B0DC760BD3306C4F0480C /* StupidWalletCore.framework */; };
		82F268D29CC75016A85CE52B /* NativeSendMaximum.swift in Sources */ = {isa = PBXBuildFile; fileRef = 3A241C382F44FBD2D1223A74 /* NativeSendMaximum.swift */; };
		860D6AEF78F596394BCD0AFA /* EIP7702.swift in Sources */ = {isa = PBXBuildFile; fileRef = 91DF8973F8B9E3DE4A986D86 /* EIP7702.swift */; };
		88A4BB964FAAF1E5617C22C1 /* NetworkStore.swift in Sources */ = {isa = PBXBuildFile; fileRef = 83BFDE230EA83C7977FA4EF4 /* NetworkStore.swift */; };
		901081B6FBB502C267109087 /* PendingWalletRequest.swift in Sources */ = {isa = PBXBuildFile; fileRef = 7669B3B3EEE80A2878BE7F68 /* PendingWalletRequest.swift */; };
		90D83F3981A5B36CA2DC257C /* KeychainSeedStore.swift in Sources */ = {isa = PBXBuildFile; fileRef = D10D06D573B22C4248E63771 /* KeychainSeedStore.swift */; };
		935F28C058FD8524E28686FD /* ABI.swift in Sources */ = {isa = PBXBuildFile; fileRef = 0DC2800131C2080CB5ECFDEF /* ABI.swift */; };
		946E240DE98D9D72B1EA6744 /* shim_precomputed_ecmult.c in Sources */ = {isa = PBXBuildFile; fileRef = 1FFFED9358353D8722E0B3BD /* shim_precomputed_ecmult.c */; };
		98C0D620EA134039CE7FD279 /* OutputToken.swift in Sources */ = {isa = PBXBuildFile; fileRef = 0708959175CF615094398E81 /* OutputToken.swift */; };
		9B0B0D79020D9B932D682B2D /* SendView.swift in Sources */ = {isa = PBXBuildFile; fileRef = A23B609346F3C26CF67AFAFF /* SendView.swift */; };
		9D5D0E9173BD462AED0641B2 /* Transaction.swift in Sources */ = {isa = PBXBuildFile; fileRef = 0AFFEF0EFCC76722E397C012 /* Transaction.swift */; };
		A16BA1691E0970AA8A9B1166 /* ConnectedSitesStore.swift in Sources */ = {isa = PBXBuildFile; fileRef = 7FA2A744E424B50AE8C8451D /* ConnectedSitesStore.swift */; };
		A291A9C92CCC8FE3B161DBF5 /* ENSIP15.swift in Sources */ = {isa = PBXBuildFile; fileRef = F07ECB3BA53A6FDC4C5E225A /* ENSIP15.swift */; };
		A41FF66E8E46DE7819CEAFD0 /* NormError.swift in Sources */ = {isa = PBXBuildFile; fileRef = 2586122C17A85D48031443D4 /* NormError.swift */; };
		A71A8CC8FD21BDB23A264F72 /* TokenTransfer.swift in Sources */ = {isa = PBXBuildFile; fileRef = E8626F0EDD07C55C6C656EEC /* TokenTransfer.swift */; };
		AB78095404229B6DDA8BE9B8 /* SettingsView.swift in Sources */ = {isa = PBXBuildFile; fileRef = 0BE98603A63A9A868BAD50F5 /* SettingsView.swift */; };
		ABCD2AEB7D8114F67EF30233 /* EmojiNode.swift in Sources */ = {isa = PBXBuildFile; fileRef = A2B9150C2632C63AD24BF90B /* EmojiNode.swift */; };
		AEBF2F9170BDFA4C77764BAC /* AuthorizationsView.swift in Sources */ = {isa = PBXBuildFile; fileRef = 92A78FC927D5B7DFEF6CFDC8 /* AuthorizationsView.swift */; };
		AF924776718AEFA531EB5386 /* SeedBackupView.swift in Sources */ = {isa = PBXBuildFile; fileRef = E873B6150D70B5518D252F9B /* SeedBackupView.swift */; };
		B047446DF1C3060B7F731F88 /* ClearSigningFormatter.swift in Sources */ = {isa = PBXBuildFile; fileRef = DA55D339BC0600DEE9953589 /* ClearSigningFormatter.swift */; };
		B7D26D73CB4E7C0940C3ED1A /* Origin.swift in Sources */ = {isa = PBXBuildFile; fileRef = D88C9C4655017C29A69CDFA8 /* Origin.swift */; };
		B8CA2349CA5329E405DA2E95 /* ActivityView.swift in Sources */ = {isa = PBXBuildFile; fileRef = 6AED06B6E97718A05B502D9D /* ActivityView.swift */; };
		B93631977D9D66E94526C5F5 /* Signing.swift in Sources */ = {isa = PBXBuildFile; fileRef = 9406136CFC9C978ECFC1066A /* Signing.swift */; };
		B997FBE35921277245157E34 /* EmojiSequence.swift in Sources */ = {isa = PBXBuildFile; fileRef = CE33A5ED92AC8CE3BB64082E /* EmojiSequence.swift */; };
		BB0DC6B0B1D7AF1963BCB0C9 /* WalletMigration.swift in Sources */ = {isa = PBXBuildFile; fileRef = F364231A3AE5D19C0354E796 /* WalletMigration.swift */; };
		BBF973C7C12BF20C8B4980FD /* RPCClient.swift in Sources */ = {isa = PBXBuildFile; fileRef = 43328371331B79EC625BFD2E /* RPCClient.swift */; };
		BC751BA0F14AE4138A458FC8 /* ConnectedAppsView.swift in Sources */ = {isa = PBXBuildFile; fileRef = CDAC46EFA851B21D8AF49B58 /* ConnectedAppsView.swift */; };
		C2126FBB620493328DA32F48 /* ApprovalExecutor.swift in Sources */ = {isa = PBXBuildFile; fileRef = 80ADE1A6E00229FB9F6D57AD /* ApprovalExecutor.swift */; };
		C576C2707FD86781E12F8198 /* shim_secp256k1.c in Sources */ = {isa = PBXBuildFile; fileRef = B4EB310615545E784B898200 /* shim_secp256k1.c */; };
		C58D47BA70FC9F828AACAF0F /* EIP5792.swift in Sources */ = {isa = PBXBuildFile; fileRef = FDD1FC4E1713AC0E5F5C2758 /* EIP5792.swift */; };
		C99A2407B9022F833263546B /* WalletGroupLifecycle.swift in Sources */ = {isa = PBXBuildFile; fileRef = 745F0E2E61D407A492FED3D6 /* WalletGroupLifecycle.swift */; };
		CA769F42B5E5B63F46EA80FF /* Portfolio.swift in Sources */ = {isa = PBXBuildFile; fileRef = 180F8E7223113C7D2941DC1C /* Portfolio.swift */; };
		CB803543D1F9B55EF0962023 /* BlockieView.swift in Sources */ = {isa = PBXBuildFile; fileRef = CB6FEBA9E93A084062BADEA7 /* BlockieView.swift */; };
		CE46A1CB3E48FC4BBE336DEE /* Group.swift in Sources */ = {isa = PBXBuildFile; fileRef = 29676684A720B777D7BC5A85 /* Group.swift */; };
		D1451D52C96C371652A23415 /* WalletRegistryAdoption.swift in Sources */ = {isa = PBXBuildFile; fileRef = CFDDF716BECE4FBFB9D56AA9 /* WalletRegistryAdoption.swift */; };
		D64E72BC3C88BF2FF012FB88 /* SendAmountInput.swift in Sources */ = {isa = PBXBuildFile; fileRef = 847D8C5176D726AD688EE37C /* SendAmountInput.swift */; };
		DA27BB6C6DF65E34333897B9 /* Whole.swift in Sources */ = {isa = PBXBuildFile; fileRef = CBFC5F991C78681808A18312 /* Whole.swift */; };
		DA9DD51E7CC7C2F04FCB5014 /* Keccak.swift in Sources */ = {isa = PBXBuildFile; fileRef = B0DE4E04BA511F9688880C33 /* Keccak.swift */; };
		E292768894ED7B288CAE1D8F /* SetupView.swift in Sources */ = {isa = PBXBuildFile; fileRef = 9A5929FF36DD223532805794 /* SetupView.swift */; };
		E5C9EB244C40FFD4159B4216 /* ChromeNativeProtocol.swift in Sources */ = {isa = PBXBuildFile; fileRef = 1A3D3FBEA7037BFFEA53D90B /* ChromeNativeProtocol.swift */; };
		E5D0EA15B6F03F1975EA26D3 /* MessageHash.swift in Sources */ = {isa = PBXBuildFile; fileRef = 12EE0EEA4768B848DD8FA5D2 /* MessageHash.swift */; };
		E76C72791DBEB336D9C6BBD8 /* SIWE.swift in Sources */ = {isa = PBXBuildFile; fileRef = AE4D4FC6F12B3BACA56C4517 /* SIWE.swift */; };
		E957CE460AF5B8184B5DF328 /* StupidTokensClient.swift in Sources */ = {isa = PBXBuildFile; fileRef = 8E532F25F2712F61D47FEB93 /* StupidTokensClient.swift */; };
		EA89E566C40BBBBAEA53BF1F /* TokenStore.swift in Sources */ = {isa = PBXBuildFile; fileRef = 69A67D620A8621140DD0F719 /* TokenStore.swift */; };
		ECA6CC4E5C0E4C3639A7A0F1 /* ClearSigning.swift in Sources */ = {isa = PBXBuildFile; fileRef = 48478EEF16482D925546AF50 /* ClearSigning.swift */; };
		F004BC0644C12EA7CAB3D941 /* RPCOverrideStore.swift in Sources */ = {isa = PBXBuildFile; fileRef = 7DC5B60057D0BF2F4EAC1EC8 /* RPCOverrideStore.swift */; };
		F3530650CDB1E72FCA33639B /* WalletGroupManager.swift in Sources */ = {isa = PBXBuildFile; fileRef = 7FA27FCB5A0800E46D96D831 /* WalletGroupManager.swift */; };
		F39382796CA2A739E4E6B1BB /* libsqlite3.tbd in Frameworks */ = {isa = PBXBuildFile; fileRef = 8D985F6A2A29A9A1CB8FF4B5 /* libsqlite3.tbd */; };
		F50ED9B75F57038560EC6904 /* DecimalValue.swift in Sources */ = {isa = PBXBuildFile; fileRef = 0E100D4EC84FBDFD9B3CAB96 /* DecimalValue.swift */; };
		F77EEED7BCDC5427AC4C9476 /* WalletBalanceModel.swift in Sources */ = {isa = PBXBuildFile; fileRef = 21A2136A167A344CF1B1D970 /* WalletBalanceModel.swift */; };
		FB39F2118584E735F129DA8B /* NativeWalletDispatcher.swift in Sources */ = {isa = PBXBuildFile; fileRef = 89488F9692C24F14F6286F0C /* NativeWalletDispatcher.swift */; };
/* End PBXBuildFile section */

/* Begin PBXContainerItemProxy section */
		3E45272E30288406789AC58C /* PBXContainerItemProxy */ = {
			isa = PBXContainerItemProxy;
			containerPortal = 648475AF30962ED0962CA095 /* Project object */;
			proxyType = 1;
			remoteGlobalIDString = 2A4DC35BF950229B39AF467A;
			remoteInfo = StupidWalletCore;
		};
		4ED73FF6E6D4F74F292EF3CD /* PBXContainerItemProxy */ = {
			isa = PBXContainerItemProxy;
			containerPortal = 648475AF30962ED0962CA095 /* Project object */;
			proxyType = 1;
			remoteGlobalIDString = 2A4DC35BF950229B39AF467A;
			remoteInfo = StupidWalletCore;
		};
		80ADBB1983E36ADCCBDE3C8C /* PBXContainerItemProxy */ = {
			isa = PBXContainerItemProxy;
			containerPortal = 648475AF30962ED0962CA095 /* Project object */;
			proxyType = 1;
			remoteGlobalIDString = 91AC89F63B19FDA943A2D282;
			remoteInfo = ENSNormalize;
		};
		D5B39E63686FF7EEC9BC74B9 /* PBXContainerItemProxy */ = {
			isa = PBXContainerItemProxy;
			containerPortal = 648475AF30962ED0962CA095 /* Project object */;
			proxyType = 1;
			remoteGlobalIDString = E9AE8E609738DA60E3FABA96;
			remoteInfo = StupidWalletSafariExt;
		};
/* End PBXContainerItemProxy section */

/* Begin PBXCopyFilesBuildPhase section */
		D4498BD5E5B9971366CDBB87 /* Embed Frameworks */ = {
			isa = PBXCopyFilesBuildPhase;
			buildActionMask = 2147483647;
			dstPath = "";
			dstSubfolderSpec = 10;
			files = (
				3966B2B11CD20D12CB9247C1 /* StupidWalletCore.framework in Embed Frameworks */,
			);
			name = "Embed Frameworks";
			runOnlyForDeploymentPostprocessing = 0;
		};
		E4A4295A2FBC00EDE87C0CB0 /* Embed Foundation Extensions */ = {
			isa = PBXCopyFilesBuildPhase;
			buildActionMask = 2147483647;
			dstPath = "";
			dstSubfolderSpec = 13;
			files = (
				75915A64A5E5E2A5921F7305 /* StupidWalletSafari.appex in Embed Foundation Extensions */,
			);
			name = "Embed Foundation Extensions";
			runOnlyForDeploymentPostprocessing = 0;
		};
/* End PBXCopyFilesBuildPhase section */

/* Begin PBXFileReference section */
		012B0DC760BD3306C4F0480C /* StupidWalletCore.framework */ = {isa = PBXFileReference; explicitFileType = wrapper.framework; includeInIndex = 0; path = StupidWalletCore.framework; sourceTree = BUILT_PRODUCTS_DIR; };
		0708959175CF615094398E81 /* OutputToken.swift */ = {isa = PBXFileReference; lastKnownFileType = sourcecode.swift; path = OutputToken.swift; sourceTree = "<group>"; };
		0AFFEF0EFCC76722E397C012 /* Transaction.swift */ = {isa = PBXFileReference; lastKnownFileType = sourcecode.swift; path = Transaction.swift; sourceTree = "<group>"; };
		0BE98603A63A9A868BAD50F5 /* SettingsView.swift */ = {isa = PBXFileReference; lastKnownFileType = sourcecode.swift; path = SettingsView.swift; sourceTree = "<group>"; };
		0DC2800131C2080CB5ECFDEF /* ABI.swift */ = {isa = PBXFileReference; lastKnownFileType = sourcecode.swift; path = ABI.swift; sourceTree = "<group>"; };
		0DD4731EACA4E069040DB58B /* WalletBalanceService.swift */ = {isa = PBXFileReference; lastKnownFileType = sourcecode.swift; path = WalletBalanceService.swift; sourceTree = "<group>"; };
		0E100D4EC84FBDFD9B3CAB96 /* DecimalValue.swift */ = {isa = PBXFileReference; lastKnownFileType = sourcecode.swift; path = DecimalValue.swift; sourceTree = "<group>"; };
		0E1FB5E984DAF3641CF4878A /* MethodPolicy.swift */ = {isa = PBXFileReference; lastKnownFileType = sourcecode.swift; path = MethodPolicy.swift; sourceTree = "<group>"; };
		12EE0EEA4768B848DD8FA5D2 /* MessageHash.swift */ = {isa = PBXFileReference; lastKnownFileType = sourcecode.swift; path = MessageHash.swift; sourceTree = "<group>"; };
		14440D7CF7CF055019217662 /* StupidWallet.app */ = {isa = PBXFileReference; includeInIndex = 0; lastKnownFileType = wrapper.application; path = StupidWallet.app; sourceTree = BUILT_PRODUCTS_DIR; };
		180F8E7223113C7D2941DC1C /* Portfolio.swift */ = {isa = PBXFileReference; lastKnownFileType = sourcecode.swift; path = Portfolio.swift; sourceTree = "<group>"; };
		1A3D3FBEA7037BFFEA53D90B /* ChromeNativeProtocol.swift */ = {isa = PBXFileReference; lastKnownFileType = sourcecode.swift; path = ChromeNativeProtocol.swift; sourceTree = "<group>"; };
		1EC42A5FDA22F66AA266E788 /* ProtectedOperationCancellation.swift */ = {isa = PBXFileReference; lastKnownFileType = sourcecode.swift; path = ProtectedOperationCancellation.swift; sourceTree = "<group>"; };
		1FFFED9358353D8722E0B3BD /* shim_precomputed_ecmult.c */ = {isa = PBXFileReference; lastKnownFileType = sourcecode.c.c; path = shim_precomputed_ecmult.c; sourceTree = "<group>"; };
		21A2136A167A344CF1B1D970 /* WalletBalanceModel.swift */ = {isa = PBXFileReference; lastKnownFileType = sourcecode.swift; path = WalletBalanceModel.swift; sourceTree = "<group>"; };
		2586122C17A85D48031443D4 /* NormError.swift */ = {isa = PBXFileReference; lastKnownFileType = sourcecode.swift; path = NormError.swift; sourceTree = "<group>"; };
		28E93C51E73FE6A8F552CC12 /* ChromePairing.swift */ = {isa = PBXFileReference; lastKnownFileType = sourcecode.swift; path = ChromePairing.swift; sourceTree = "<group>"; };
		29676684A720B777D7BC5A85 /* Group.swift */ = {isa = PBXFileReference; lastKnownFileType = sourcecode.swift; path = Group.swift; sourceTree = "<group>"; };
		2DC991DA948809FCD7B34292 /* ENSResolver.swift */ = {isa = PBXFileReference; lastKnownFileType = sourcecode.swift; path = ENSResolver.swift; sourceTree = "<group>"; };
		348091CA1BAC799D8FC11D5B /* AuthorizationService.swift */ = {isa = PBXFileReference; lastKnownFileType = sourcecode.swift; path = AuthorizationService.swift; sourceTree = "<group>"; };
		36C3846D49245E93978A96DD /* StupidWalletSafari.appex */ = {isa = PBXFileReference; includeInIndex = 0; lastKnownFileType = "wrapper.app-extension"; path = StupidWalletSafari.appex; sourceTree = BUILT_PRODUCTS_DIR; };
		3A241C382F44FBD2D1223A74 /* NativeSendMaximum.swift */ = {isa = PBXFileReference; lastKnownFileType = sourcecode.swift; path = NativeSendMaximum.swift; sourceTree = "<group>"; };
		43328371331B79EC625BFD2E /* RPCClient.swift */ = {isa = PBXFileReference; lastKnownFileType = sourcecode.swift; path = RPCClient.swift; sourceTree = "<group>"; };
		48478EEF16482D925546AF50 /* ClearSigning.swift */ = {isa = PBXFileReference; lastKnownFileType = sourcecode.swift; path = ClearSigning.swift; sourceTree = "<group>"; };
		4CC8851AE4288B4E3F1CB56B /* Decoder.swift */ = {isa = PBXFileReference; lastKnownFileType = sourcecode.swift; path = Decoder.swift; sourceTree = "<group>"; };
		4CD19BD84C68AEFE66A8A4C8 /* Simple7702AccountDeploymentStore.swift */ = {isa = PBXFileReference; lastKnownFileType = sourcecode.swift; path = Simple7702AccountDeploymentStore.swift; sourceTree = "<group>"; };
		4E4706307526D2B5972ADD55 /* BIP39EnglishWords.swift */ = {isa = PBXFileReference; lastKnownFileType = sourcecode.swift; path = BIP39EnglishWords.swift; sourceTree = "<group>"; };
		59DBDA970A11A93603D29534 /* KeychainKeyStore.swift */ = {isa = PBXFileReference; lastKnownFileType = sourcecode.swift; path = KeychainKeyStore.swift; sourceTree = "<group>"; };
		5BBCC889C759215206DBD387 /* SafariWebExtensionHandler.swift */ = {isa = PBXFileReference; lastKnownFileType = sourcecode.swift; path = SafariWebExtensionHandler.swift; sourceTree = "<group>"; };
		5E2D0B5865C4CEE25B23D9AE /* WalletFactory.swift */ = {isa = PBXFileReference; lastKnownFileType = sourcecode.swift; path = WalletFactory.swift; sourceTree = "<group>"; };
		62B341FCB43DD82DE4E082C3 /* WalletRegistry.swift */ = {isa = PBXFileReference; lastKnownFileType = sourcecode.swift; path = WalletRegistry.swift; sourceTree = "<group>"; };
		682ECBDA2EBFA8C35F794024 /* ImportWalletView.swift */ = {isa = PBXFileReference; lastKnownFileType = sourcecode.swift; path = ImportWalletView.swift; sourceTree = "<group>"; };
		68FA8C5C7B0DDB75646B2FEF /* EthereumKeys.swift */ = {isa = PBXFileReference; lastKnownFileType = sourcecode.swift; path = EthereumKeys.swift; sourceTree = "<group>"; };
		69A67D620A8621140DD0F719 /* TokenStore.swift */ = {isa = PBXFileReference; lastKnownFileType = sourcecode.swift; path = TokenStore.swift; sourceTree = "<group>"; };
		6AED06B6E97718A05B502D9D /* ActivityView.swift */ = {isa = PBXFileReference; lastKnownFileType = sourcecode.swift; path = ActivityView.swift; sourceTree = "<group>"; };
		70479EFC070244F8EF472843 /* PersistenceFaultInjection.swift */ = {isa = PBXFileReference; lastKnownFileType = sourcecode.swift; path = PersistenceFaultInjection.swift; sourceTree = "<group>"; };
		745F0E2E61D407A492FED3D6 /* WalletGroupLifecycle.swift */ = {isa = PBXFileReference; lastKnownFileType = sourcecode.swift; path = WalletGroupLifecycle.swift; sourceTree = "<group>"; };
		7669B3B3EEE80A2878BE7F68 /* PendingWalletRequest.swift */ = {isa = PBXFileReference; lastKnownFileType = sourcecode.swift; path = PendingWalletRequest.swift; sourceTree = "<group>"; };
		7C35F59B11CA1F457104022B /* JSONValue.swift */ = {isa = PBXFileReference; lastKnownFileType = sourcecode.swift; path = JSONValue.swift; sourceTree = "<group>"; };
		7DC5B60057D0BF2F4EAC1EC8 /* RPCOverrideStore.swift */ = {isa = PBXFileReference; lastKnownFileType = sourcecode.swift; path = RPCOverrideStore.swift; sourceTree = "<group>"; };
		7FA27FCB5A0800E46D96D831 /* WalletGroupManager.swift */ = {isa = PBXFileReference; lastKnownFileType = sourcecode.swift; path = WalletGroupManager.swift; sourceTree = "<group>"; };
		7FA2A744E424B50AE8C8451D /* ConnectedSitesStore.swift */ = {isa = PBXFileReference; lastKnownFileType = sourcecode.swift; path = ConnectedSitesStore.swift; sourceTree = "<group>"; };
		80ADE1A6E00229FB9F6D57AD /* ApprovalExecutor.swift */ = {isa = PBXFileReference; lastKnownFileType = sourcecode.swift; path = ApprovalExecutor.swift; sourceTree = "<group>"; };
		82ED03BBE40432502BC1BC71 /* ENSNormalize.framework */ = {isa = PBXFileReference; includeInIndex = 0; lastKnownFileType = wrapper.framework; path = ENSNormalize.framework; sourceTree = BUILT_PRODUCTS_DIR; };
		83BFDE230EA83C7977FA4EF4 /* NetworkStore.swift */ = {isa = PBXFileReference; lastKnownFileType = sourcecode.swift; path = NetworkStore.swift; sourceTree = "<group>"; };
		847D8C5176D726AD688EE37C /* SendAmountInput.swift */ = {isa = PBXFileReference; lastKnownFileType = sourcecode.swift; path = SendAmountInput.swift; sourceTree = "<group>"; };
		86AAD4731E672E7DDD86387E /* WalletService.swift */ = {isa = PBXFileReference; lastKnownFileType = sourcecode.swift; path = WalletService.swift; sourceTree = "<group>"; };
		87CD1C14873B3BD8081898F0 /* EIP712.swift */ = {isa = PBXFileReference; lastKnownFileType = sourcecode.swift; path = EIP712.swift; sourceTree = "<group>"; };
		88440EFE96B5378DF8AFDB7B /* RLP.swift */ = {isa = PBXFileReference; lastKnownFileType = sourcecode.swift; path = RLP.swift; sourceTree = "<group>"; };
		89488F9692C24F14F6286F0C /* NativeWalletDispatcher.swift */ = {isa = PBXFileReference; lastKnownFileType = sourcecode.swift; path = NativeWalletDispatcher.swift; sourceTree = "<group>"; };
		8D985F6A2A29A9A1CB8FF4B5 /* libsqlite3.tbd */ = {isa = PBXFileReference; lastKnownFileType = "sourcecode.text-based-dylib-definition"; name = libsqlite3.tbd; path = usr/lib/libsqlite3.tbd; sourceTree = SDKROOT; };
		8E532F25F2712F61D47FEB93 /* StupidTokensClient.swift */ = {isa = PBXFileReference; lastKnownFileType = sourcecode.swift; path = StupidTokensClient.swift; sourceTree = "<group>"; };
		906BAA1A6741FE7686424D4E /* shim_precomputed_ecmult_gen.c */ = {isa = PBXFileReference; lastKnownFileType = sourcecode.c.c; path = shim_precomputed_ecmult_gen.c; sourceTree = "<group>"; };
		91DF8973F8B9E3DE4A986D86 /* EIP7702.swift */ = {isa = PBXFileReference; lastKnownFileType = sourcecode.swift; path = EIP7702.swift; sourceTree = "<group>"; };
		92A78FC927D5B7DFEF6CFDC8 /* AuthorizationsView.swift */ = {isa = PBXFileReference; lastKnownFileType = sourcecode.swift; path = AuthorizationsView.swift; sourceTree = "<group>"; };
		9406136CFC9C978ECFC1066A /* Signing.swift */ = {isa = PBXFileReference; lastKnownFileType = sourcecode.swift; path = Signing.swift; sourceTree = "<group>"; };
		94F81F84909C5D054FE3478F /* WalletViewModel.swift */ = {isa = PBXFileReference; lastKnownFileType = sourcecode.swift; path = WalletViewModel.swift; sourceTree = "<group>"; };
		98D080F598539D797AE66409 /* Simple7702AccountDeployment.swift */ = {isa = PBXFileReference; lastKnownFileType = sourcecode.swift; path = Simple7702AccountDeployment.swift; sourceTree = "<group>"; };
		9A5929FF36DD223532805794 /* SetupView.swift */ = {isa = PBXFileReference; lastKnownFileType = sourcecode.swift; path = SetupView.swift; sourceTree = "<group>"; };
		9D03C7FC5D6EDAFAB3683562 /* StupidWallet.swift */ = {isa = PBXFileReference; lastKnownFileType = sourcecode.swift; path = StupidWallet.swift; sourceTree = "<group>"; };
		9EB783696B392EB9F560004D /* ChainStore.swift */ = {isa = PBXFileReference; lastKnownFileType = sourcecode.swift; path = ChainStore.swift; sourceTree = "<group>"; };
		A1B6E410CD542585FBFA36DC /* TransactionSubmissionLock.swift */ = {isa = PBXFileReference; lastKnownFileType = sourcecode.swift; path = TransactionSubmissionLock.swift; sourceTree = "<group>"; };
		A23B609346F3C26CF67AFAFF /* SendView.swift */ = {isa = PBXFileReference; lastKnownFileType = sourcecode.swift; path = SendView.swift; sourceTree = "<group>"; };
		A2B9150C2632C63AD24BF90B /* EmojiNode.swift */ = {isa = PBXFileReference; lastKnownFileType = sourcecode.swift; path = EmojiNode.swift; sourceTree = "<group>"; };
		A6EAA2520BA59430184FD903 /* ClearSigningRegistry.swift */ = {isa = PBXFileReference; lastKnownFileType = sourcecode.swift; path = ClearSigningRegistry.swift; sourceTree = "<group>"; };
		A71F05102BC75CEC1FD6045C /* NormalizationData.swift */ = {isa = PBXFileReference; lastKnownFileType = sourcecode.swift; path = NormalizationData.swift; sourceTree = "<group>"; };
		AE4D4FC6F12B3BACA56C4517 /* SIWE.swift */ = {isa = PBXFileReference; lastKnownFileType = sourcecode.swift; path = SIWE.swift; sourceTree = "<group>"; };
		AF2E428179BAD69FFE02F0DF /* NF.swift */ = {isa = PBXFileReference; lastKnownFileType = sourcecode.swift; path = NF.swift; sourceTree = "<group>"; };
		B0DE4E04BA511F9688880C33 /* Keccak.swift */ = {isa = PBXFileReference; lastKnownFileType = sourcecode.swift; path = Keccak.swift; sourceTree = "<group>"; };
		B22BA3A51053487789AE3CB7 /* SecurityWalletBackend.swift */ = {isa = PBXFileReference; lastKnownFileType = sourcecode.swift; path = SecurityWalletBackend.swift; sourceTree = "<group>"; };
		B4EB310615545E784B898200 /* shim_secp256k1.c */ = {isa = PBXFileReference; lastKnownFileType = sourcecode.c.c; path = shim_secp256k1.c; sourceTree = "<group>"; };
		BB8DE0E183467FF6F0A28953 /* WalletToken.swift */ = {isa = PBXFileReference; lastKnownFileType = sourcecode.swift; path = WalletToken.swift; sourceTree = "<group>"; };
		BDC5153B181C9766F6548D32 /* BIP39.swift */ = {isa = PBXFileReference; lastKnownFileType = sourcecode.swift; path = BIP39.swift; sourceTree = "<group>"; };
		C04A3258C4CCF6A06626E497 /* ApprovalRequest.swift */ = {isa = PBXFileReference; lastKnownFileType = sourcecode.swift; path = ApprovalRequest.swift; sourceTree = "<group>"; };
		C4F73A62CDBB29D6506B64EE /* Secp256k1.swift */ = {isa = PBXFileReference; lastKnownFileType = sourcecode.swift; path = Secp256k1.swift; sourceTree = "<group>"; };
		CB6FEBA9E93A084062BADEA7 /* BlockieView.swift */ = {isa = PBXFileReference; lastKnownFileType = sourcecode.swift; path = BlockieView.swift; sourceTree = "<group>"; };
		CBFC5F991C78681808A18312 /* Whole.swift */ = {isa = PBXFileReference; lastKnownFileType = sourcecode.swift; path = Whole.swift; sourceTree = "<group>"; };
		CDAC46EFA851B21D8AF49B58 /* ConnectedAppsView.swift */ = {isa = PBXFileReference; lastKnownFileType = sourcecode.swift; path = ConnectedAppsView.swift; sourceTree = "<group>"; };
		CE33A5ED92AC8CE3BB64082E /* EmojiSequence.swift */ = {isa = PBXFileReference; lastKnownFileType = sourcecode.swift; path = EmojiSequence.swift; sourceTree = "<group>"; };
		CFDDF716BECE4FBFB9D56AA9 /* WalletRegistryAdoption.swift */ = {isa = PBXFileReference; lastKnownFileType = sourcecode.swift; path = WalletRegistryAdoption.swift; sourceTree = "<group>"; };
		D10D06D573B22C4248E63771 /* KeychainSeedStore.swift */ = {isa = PBXFileReference; lastKnownFileType = sourcecode.swift; path = KeychainSeedStore.swift; sourceTree = "<group>"; };
		D13AD695D684BD40E88442E1 /* ActivityStore.swift */ = {isa = PBXFileReference; lastKnownFileType = sourcecode.swift; path = ActivityStore.swift; sourceTree = "<group>"; };
		D27F43E40C627ABD7BA15EDA /* NetworksView.swift */ = {isa = PBXFileReference; lastKnownFileType = sourcecode.swift; path = NetworksView.swift; sourceTree = "<group>"; };
		D830C52200C7571885CE3FB5 /* WalletStore.swift */ = {isa = PBXFileReference; lastKnownFileType = sourcecode.swift; path = WalletStore.swift; sourceTree = "<group>"; };
		D88C9C4655017C29A69CDFA8 /* Origin.swift */ = {isa = PBXFileReference; lastKnownFileType = sourcecode.swift; path = Origin.swift; sourceTree = "<group>"; };
		D99B63225369E640A0AD3320 /* .swift-format */ = {isa = PBXFileReference; path = ".swift-format"; sourceTree = "<group>"; };
		DA55D339BC0600DEE9953589 /* ClearSigningFormatter.swift */ = {isa = PBXFileReference; lastKnownFileType = sourcecode.swift; path = ClearSigningFormatter.swift; sourceTree = "<group>"; };
		DED380B5F24CCE470A87CAEF /* AccountPickerView.swift */ = {isa = PBXFileReference; lastKnownFileType = sourcecode.swift; path = AccountPickerView.swift; sourceTree = "<group>"; };
		E30929CBB0C2141D491B1797 /* NativeBalance.swift */ = {isa = PBXFileReference; lastKnownFileType = sourcecode.swift; path = NativeBalance.swift; sourceTree = "<group>"; };
		E7EB2369EDDF438B44C7DE90 /* LocalAuth.swift */ = {isa = PBXFileReference; lastKnownFileType = sourcecode.swift; path = LocalAuth.swift; sourceTree = "<group>"; };
		E8626F0EDD07C55C6C656EEC /* TokenTransfer.swift */ = {isa = PBXFileReference; lastKnownFileType = sourcecode.swift; path = TokenTransfer.swift; sourceTree = "<group>"; };
		E873B6150D70B5518D252F9B /* SeedBackupView.swift */ = {isa = PBXFileReference; lastKnownFileType = sourcecode.swift; path = SeedBackupView.swift; sourceTree = "<group>"; };
		E8ABDCED2906E6A725714FAA /* Cp.swift */ = {isa = PBXFileReference; lastKnownFileType = sourcecode.swift; path = Cp.swift; sourceTree = "<group>"; };
		F07ECB3BA53A6FDC4C5E225A /* ENSIP15.swift */ = {isa = PBXFileReference; lastKnownFileType = sourcecode.swift; path = ENSIP15.swift; sourceTree = "<group>"; };
		F0D0B0649E30101D7F0C34F8 /* ContentView.swift */ = {isa = PBXFileReference; lastKnownFileType = sourcecode.swift; path = ContentView.swift; sourceTree = "<group>"; };
		F24BE34B548047EDD1146B97 /* TokensView.swift */ = {isa = PBXFileReference; lastKnownFileType = sourcecode.swift; path = TokensView.swift; sourceTree = "<group>"; };
		F364231A3AE5D19C0354E796 /* WalletMigration.swift */ = {isa = PBXFileReference; lastKnownFileType = sourcecode.swift; path = WalletMigration.swift; sourceTree = "<group>"; };
		FB51D1B476EBDA063E82E2C2 /* ConnectionState.swift */ = {isa = PBXFileReference; lastKnownFileType = sourcecode.swift; path = ConnectionState.swift; sourceTree = "<group>"; };
		FDD1FC4E1713AC0E5F5C2758 /* EIP5792.swift */ = {isa = PBXFileReference; lastKnownFileType = sourcecode.swift; path = EIP5792.swift; sourceTree = "<group>"; };
		FDD2D3F1F4EF6B666DF7AF53 /* BalanceCache.swift */ = {isa = PBXFileReference; lastKnownFileType = sourcecode.swift; path = BalanceCache.swift; sourceTree = "<group>"; };
/* End PBXFileReference section */

/* Begin PBXFrameworksBuildPhase section */
		063678E9D1B2B09F66FAE720 /* Frameworks */ = {
			isa = PBXFrameworksBuildPhase;
			buildActionMask = 2147483647;
			files = (
				F39382796CA2A739E4E6B1BB /* libsqlite3.tbd in Frameworks */,
			);
			runOnlyForDeploymentPostprocessing = 0;
		};
		2B74AA0DBE76BB075BFE82F8 /* Frameworks */ = {
			isa = PBXFrameworksBuildPhase;
			buildActionMask = 2147483647;
			files = (
				02815573E00DD957457F2268 /* StupidWalletCore.framework in Frameworks */,
			);
			runOnlyForDeploymentPostprocessing = 0;
		};
		DEB7CF0C81AAB387451CE176 /* Frameworks */ = {
			isa = PBXFrameworksBuildPhase;
			buildActionMask = 2147483647;
			files = (
				822BC0A273C3782AD0F4273F /* StupidWalletCore.framework in Frameworks */,
			);
			runOnlyForDeploymentPostprocessing = 0;
		};
/* End PBXFrameworksBuildPhase section */

/* Begin PBXGroup section */
		313969A12211E3D2608E54A0 /* StupidWalletCore */ = {
			isa = PBXGroup;
			children = (
				0DC2800131C2080CB5ECFDEF /* ABI.swift */,
				D13AD695D684BD40E88442E1 /* ActivityStore.swift */,
				80ADE1A6E00229FB9F6D57AD /* ApprovalExecutor.swift */,
				C04A3258C4CCF6A06626E497 /* ApprovalRequest.swift */,
				348091CA1BAC799D8FC11D5B /* AuthorizationService.swift */,
				FDD2D3F1F4EF6B666DF7AF53 /* BalanceCache.swift */,
				BDC5153B181C9766F6548D32 /* BIP39.swift */,
				4E4706307526D2B5972ADD55 /* BIP39EnglishWords.swift */,
				9EB783696B392EB9F560004D /* ChainStore.swift */,
				1A3D3FBEA7037BFFEA53D90B /* ChromeNativeProtocol.swift */,
				28E93C51E73FE6A8F552CC12 /* ChromePairing.swift */,
				48478EEF16482D925546AF50 /* ClearSigning.swift */,
				DA55D339BC0600DEE9953589 /* ClearSigningFormatter.swift */,
				A6EAA2520BA59430184FD903 /* ClearSigningRegistry.swift */,
				7FA2A744E424B50AE8C8451D /* ConnectedSitesStore.swift */,
				FB51D1B476EBDA063E82E2C2 /* ConnectionState.swift */,
				0E100D4EC84FBDFD9B3CAB96 /* DecimalValue.swift */,
				87CD1C14873B3BD8081898F0 /* EIP712.swift */,
				FDD1FC4E1713AC0E5F5C2758 /* EIP5792.swift */,
				91DF8973F8B9E3DE4A986D86 /* EIP7702.swift */,
				2DC991DA948809FCD7B34292 /* ENSResolver.swift */,
				68FA8C5C7B0DDB75646B2FEF /* EthereumKeys.swift */,
				7C35F59B11CA1F457104022B /* JSONValue.swift */,
				B0DE4E04BA511F9688880C33 /* Keccak.swift */,
				59DBDA970A11A93603D29534 /* KeychainKeyStore.swift */,
				D10D06D573B22C4248E63771 /* KeychainSeedStore.swift */,
				E7EB2369EDDF438B44C7DE90 /* LocalAuth.swift */,
				12EE0EEA4768B848DD8FA5D2 /* MessageHash.swift */,
				0E1FB5E984DAF3641CF4878A /* MethodPolicy.swift */,
				E30929CBB0C2141D491B1797 /* NativeBalance.swift */,
				3A241C382F44FBD2D1223A74 /* NativeSendMaximum.swift */,
				89488F9692C24F14F6286F0C /* NativeWalletDispatcher.swift */,
				83BFDE230EA83C7977FA4EF4 /* NetworkStore.swift */,
				D88C9C4655017C29A69CDFA8 /* Origin.swift */,
				7669B3B3EEE80A2878BE7F68 /* PendingWalletRequest.swift */,
				70479EFC070244F8EF472843 /* PersistenceFaultInjection.swift */,
				180F8E7223113C7D2941DC1C /* Portfolio.swift */,
				1EC42A5FDA22F66AA266E788 /* ProtectedOperationCancellation.swift */,
				88440EFE96B5378DF8AFDB7B /* RLP.swift */,
				43328371331B79EC625BFD2E /* RPCClient.swift */,
				7DC5B60057D0BF2F4EAC1EC8 /* RPCOverrideStore.swift */,
				C4F73A62CDBB29D6506B64EE /* Secp256k1.swift */,
				B22BA3A51053487789AE3CB7 /* SecurityWalletBackend.swift */,
				847D8C5176D726AD688EE37C /* SendAmountInput.swift */,
				9406136CFC9C978ECFC1066A /* Signing.swift */,
				98D080F598539D797AE66409 /* Simple7702AccountDeployment.swift */,
				4CD19BD84C68AEFE66A8A4C8 /* Simple7702AccountDeploymentStore.swift */,
				AE4D4FC6F12B3BACA56C4517 /* SIWE.swift */,
				8E532F25F2712F61D47FEB93 /* StupidTokensClient.swift */,
				69A67D620A8621140DD0F719 /* TokenStore.swift */,
				E8626F0EDD07C55C6C656EEC /* TokenTransfer.swift */,
				0AFFEF0EFCC76722E397C012 /* Transaction.swift */,
				A1B6E410CD542585FBFA36DC /* TransactionSubmissionLock.swift */,
				21A2136A167A344CF1B1D970 /* WalletBalanceModel.swift */,
				0DD4731EACA4E069040DB58B /* WalletBalanceService.swift */,
				5E2D0B5865C4CEE25B23D9AE /* WalletFactory.swift */,
				745F0E2E61D407A492FED3D6 /* WalletGroupLifecycle.swift */,
				7FA27FCB5A0800E46D96D831 /* WalletGroupManager.swift */,
				F364231A3AE5D19C0354E796 /* WalletMigration.swift */,
				62B341FCB43DD82DE4E082C3 /* WalletRegistry.swift */,
				CFDDF716BECE4FBFB9D56AA9 /* WalletRegistryAdoption.swift */,
				86AAD4731E672E7DDD86387E /* WalletService.swift */,
				D830C52200C7571885CE3FB5 /* WalletStore.swift */,
				BB8DE0E183467FF6F0A28953 /* WalletToken.swift */,
			);
			path = StupidWalletCore;
			sourceTree = "<group>";
		};
		379A61797D96DFBC8EDF6421 = {
			isa = PBXGroup;
			children = (
				929A110B1B841003D392F737 /* stupid-wallet-send */,
				B6BE237AE4347C40A64FCAEF /* Frameworks */,
				A8E8616046411E27D09CDF95 /* Products */,
			);
			sourceTree = "<group>";
		};
		6CC6B792FD95C5BE1A9BB8A6 /* StupidWallet */ = {
			isa = PBXGroup;
			children = (
				DED380B5F24CCE470A87CAEF /* AccountPickerView.swift */,
				6AED06B6E97718A05B502D9D /* ActivityView.swift */,
				92A78FC927D5B7DFEF6CFDC8 /* AuthorizationsView.swift */,
				CB6FEBA9E93A084062BADEA7 /* BlockieView.swift */,
				CDAC46EFA851B21D8AF49B58 /* ConnectedAppsView.swift */,
				F0D0B0649E30101D7F0C34F8 /* ContentView.swift */,
				682ECBDA2EBFA8C35F794024 /* ImportWalletView.swift */,
				D27F43E40C627ABD7BA15EDA /* NetworksView.swift */,
				E873B6150D70B5518D252F9B /* SeedBackupView.swift */,
				A23B609346F3C26CF67AFAFF /* SendView.swift */,
				0BE98603A63A9A868BAD50F5 /* SettingsView.swift */,
				9A5929FF36DD223532805794 /* SetupView.swift */,
				9D03C7FC5D6EDAFAB3683562 /* StupidWallet.swift */,
				F24BE34B548047EDD1146B97 /* TokensView.swift */,
				94F81F84909C5D054FE3478F /* WalletViewModel.swift */,
			);
			path = StupidWallet;
			sourceTree = "<group>";
		};
		71A2FBE59153E84B36D95287 /* StupidWalletSafari */ = {
			isa = PBXGroup;
			children = (
				5BBCC889C759215206DBD387 /* SafariWebExtensionHandler.swift */,
			);
			path = StupidWalletSafari;
			sourceTree = "<group>";
		};
		878D06B790EB2BA45199A5A1 /* Sources */ = {
			isa = PBXGroup;
			children = (
				CDE587D64763E45F5F6280B9 /* CSecp256k1 */,
				BE6513953B04FDBF6B6894D7 /* ENSNormalize */,
				6CC6B792FD95C5BE1A9BB8A6 /* StupidWallet */,
				313969A12211E3D2608E54A0 /* StupidWalletCore */,
				71A2FBE59153E84B36D95287 /* StupidWalletSafari */,
			);
			path = Sources;
			sourceTree = "<group>";
		};
		929A110B1B841003D392F737 /* stupid-wallet-send */ = {
			isa = PBXGroup;
			children = (
				878D06B790EB2BA45199A5A1 /* Sources */,
			);
			name = "stupid-wallet-send";
			path = ..;
			sourceTree = "<group>";
		};
		A8E8616046411E27D09CDF95 /* Products */ = {
			isa = PBXGroup;
			children = (
				82ED03BBE40432502BC1BC71 /* ENSNormalize.framework */,
				14440D7CF7CF055019217662 /* StupidWallet.app */,
				012B0DC760BD3306C4F0480C /* StupidWalletCore.framework */,
				36C3846D49245E93978A96DD /* StupidWalletSafari.appex */,
			);
			name = Products;
			sourceTree = "<group>";
		};
		B6BE237AE4347C40A64FCAEF /* Frameworks */ = {
			isa = PBXGroup;
			children = (
				8D985F6A2A29A9A1CB8FF4B5 /* libsqlite3.tbd */,
			);
			name = Frameworks;
			sourceTree = "<group>";
		};
		BE6513953B04FDBF6B6894D7 /* ENSNormalize */ = {
			isa = PBXGroup;
			children = (
				D99B63225369E640A0AD3320 /* .swift-format */,
				E8ABDCED2906E6A725714FAA /* Cp.swift */,
				4CC8851AE4288B4E3F1CB56B /* Decoder.swift */,
				A2B9150C2632C63AD24BF90B /* EmojiNode.swift */,
				CE33A5ED92AC8CE3BB64082E /* EmojiSequence.swift */,
				F07ECB3BA53A6FDC4C5E225A /* ENSIP15.swift */,
				29676684A720B777D7BC5A85 /* Group.swift */,
				AF2E428179BAD69FFE02F0DF /* NF.swift */,
				A71F05102BC75CEC1FD6045C /* NormalizationData.swift */,
				2586122C17A85D48031443D4 /* NormError.swift */,
				0708959175CF615094398E81 /* OutputToken.swift */,
				CBFC5F991C78681808A18312 /* Whole.swift */,
			);
			path = ENSNormalize;
			sourceTree = "<group>";
		};
		CDE587D64763E45F5F6280B9 /* CSecp256k1 */ = {
			isa = PBXGroup;
			children = (
				906BAA1A6741FE7686424D4E /* shim_precomputed_ecmult_gen.c */,
				1FFFED9358353D8722E0B3BD /* shim_precomputed_ecmult.c */,
				B4EB310615545E784B898200 /* shim_secp256k1.c */,
			);
			path = CSecp256k1;
			sourceTree = "<group>";
		};
/* End PBXGroup section */

/* Begin PBXNativeTarget section */
		2A4DC35BF950229B39AF467A /* StupidWalletCore */ = {
			isa = PBXNativeTarget;
			buildConfigurationList = 45E74E9C5ABE9B0274D275C7 /* Build configuration list for PBXNativeTarget "StupidWalletCore" */;
			buildPhases = (
				BC9F3B118FBCF1EF186C7B83 /* Sources */,
				063678E9D1B2B09F66FAE720 /* Frameworks */,
			);
			buildRules = (
			);
			dependencies = (
				D21EA61AC0C7A9030A50D31C /* PBXTargetDependency */,
			);
			name = StupidWalletCore;
			packageProductDependencies = (
			);
			productName = StupidWalletCore;
			productReference = 012B0DC760BD3306C4F0480C /* StupidWalletCore.framework */;
			productType = "com.apple.product-type.framework";
		};
		3960F52A0D4683AFCDD16302 /* StupidWalletApp */ = {
			isa = PBXNativeTarget;
			buildConfigurationList = FE965602FD7F99E2D63729AD /* Build configuration list for PBXNativeTarget "StupidWalletApp" */;
			buildPhases = (
				86925E5F77EA971BCAF3BF0F /* Sources */,
				DEB7CF0C81AAB387451CE176 /* Frameworks */,
				E4A4295A2FBC00EDE87C0CB0 /* Embed Foundation Extensions */,
				D4498BD5E5B9971366CDBB87 /* Embed Frameworks */,
			);
			buildRules = (
			);
			dependencies = (
				7DC2F2EE12F242D2DE9019A4 /* PBXTargetDependency */,
				13BCAB2EDE02229367C61DBB /* PBXTargetDependency */,
			);
			name = StupidWalletApp;
			packageProductDependencies = (
			);
			productName = StupidWalletApp;
			productReference = 14440D7CF7CF055019217662 /* StupidWallet.app */;
			productType = "com.apple.product-type.application";
		};
		91AC89F63B19FDA943A2D282 /* ENSNormalize */ = {
			isa = PBXNativeTarget;
			buildConfigurationList = 12920F39FA5E22C9968F8137 /* Build configuration list for PBXNativeTarget "ENSNormalize" */;
			buildPhases = (
				569268A4D288EA2F53D32CB0 /* Sources */,
			);
			buildRules = (
			);
			dependencies = (
			);
			name = ENSNormalize;
			packageProductDependencies = (
			);
			productName = ENSNormalize;
			productReference = 82ED03BBE40432502BC1BC71 /* ENSNormalize.framework */;
			productType = "com.apple.product-type.framework.static";
		};
		E9AE8E609738DA60E3FABA96 /* StupidWalletSafariExt */ = {
			isa = PBXNativeTarget;
			buildConfigurationList = EAABE6FBE900E60BA5EBC9F5 /* Build configuration list for PBXNativeTarget "StupidWalletSafariExt" */;
			buildPhases = (
				B29FF1BD3CABE939E08F951A /* Sources */,
				9F148DB7D7D1004B0F67953B /* Copy Safari Extension Resources */,
				2B74AA0DBE76BB075BFE82F8 /* Frameworks */,
			);
			buildRules = (
			);
			dependencies = (
				EEDA0BBECE54F530E50FC587 /* PBXTargetDependency */,
			);
			name = StupidWalletSafariExt;
			packageProductDependencies = (
			);
			productName = StupidWalletSafariExt;
			productReference = 36C3846D49245E93978A96DD /* StupidWalletSafari.appex */;
			productType = "com.apple.product-type.app-extension";
		};
/* End PBXNativeTarget section */

/* Begin PBXProject section */
		648475AF30962ED0962CA095 /* Project object */ = {
			isa = PBXProject;
			attributes = {
				BuildIndependentTargetsInParallel = YES;
				LastUpgradeCheck = 1430;
				TargetAttributes = {
					3960F52A0D4683AFCDD16302 = {
						DevelopmentTeam = 6JKMV57Y77;
						ProvisioningStyle = Manual;
					};
					E9AE8E609738DA60E3FABA96 = {
						DevelopmentTeam = 6JKMV57Y77;
						ProvisioningStyle = Manual;
					};
				};
			};
			buildConfigurationList = 3E104A1E91CE2B625EB1FA8D /* Build configuration list for PBXProject "StupidWalletMac" */;
			developmentRegion = en;
			hasScannedForEncodings = 0;
			knownRegions = (
				Base,
				en,
			);
			mainGroup = 379A61797D96DFBC8EDF6421;
			minimizedProjectReferenceProxies = 1;
			preferredProjectObjectVersion = 77;
			productRefGroup = A8E8616046411E27D09CDF95 /* Products */;
			projectDirPath = "";
			projectRoot = "";
			targets = (
				91AC89F63B19FDA943A2D282 /* ENSNormalize */,
				2A4DC35BF950229B39AF467A /* StupidWalletCore */,
				E9AE8E609738DA60E3FABA96 /* StupidWalletSafariExt */,
				3960F52A0D4683AFCDD16302 /* StupidWalletApp */,
			);
		};
/* End PBXProject section */

/* Begin PBXShellScriptBuildPhase section */
		9F148DB7D7D1004B0F67953B /* Copy Safari Extension Resources */ = {
			isa = PBXShellScriptBuildPhase;
			alwaysOutOfDate = 1;
			buildActionMask = 2147483647;
			files = (
			);
			inputFileListPaths = (
			);
			inputPaths = (
			);
			name = "Copy Safari Extension Resources";
			outputFileListPaths = (
			);
			outputPaths = (
			);
			runOnlyForDeploymentPostprocessing = 0;
			shellPath = /bin/sh;
			shellScript = "mkdir -p \"$TARGET_BUILD_DIR/$UNLOCALIZED_RESOURCES_FOLDER_PATH\"\nrsync -a --exclude='.DS_Store' \"$SRCROOT/../SafariExtension/Resources/\" \"$TARGET_BUILD_DIR/$UNLOCALIZED_RESOURCES_FOLDER_PATH/\"\n";
		};
/* End PBXShellScriptBuildPhase section */

/* Begin PBXSourcesBuildPhase section */
		569268A4D288EA2F53D32CB0 /* Sources */ = {
			isa = PBXSourcesBuildPhase;
			buildActionMask = 2147483647;
			files = (
				51E654AD87080F4AC93D727C /* Cp.swift in Sources */,
				07A3D604028112FED40A82FD /* Decoder.swift in Sources */,
				A291A9C92CCC8FE3B161DBF5 /* ENSIP15.swift in Sources */,
				ABCD2AEB7D8114F67EF30233 /* EmojiNode.swift in Sources */,
				B997FBE35921277245157E34 /* EmojiSequence.swift in Sources */,
				CE46A1CB3E48FC4BBE336DEE /* Group.swift in Sources */,
				3A573DB1A09F2DD4A88C19E4 /* NF.swift in Sources */,
				A41FF66E8E46DE7819CEAFD0 /* NormError.swift in Sources */,
				7D46B05E10248896D92A1BA2 /* NormalizationData.swift in Sources */,
				98C0D620EA134039CE7FD279 /* OutputToken.swift in Sources */,
				DA27BB6C6DF65E34333897B9 /* Whole.swift in Sources */,
			);
			runOnlyForDeploymentPostprocessing = 0;
		};
		86925E5F77EA971BCAF3BF0F /* Sources */ = {
			isa = PBXSourcesBuildPhase;
			buildActionMask = 2147483647;
			files = (
				76A1A76961885E36A1521CBC /* AccountPickerView.swift in Sources */,
				B8CA2349CA5329E405DA2E95 /* ActivityView.swift in Sources */,
				AEBF2F9170BDFA4C77764BAC /* AuthorizationsView.swift in Sources */,
				CB803543D1F9B55EF0962023 /* BlockieView.swift in Sources */,
				BC751BA0F14AE4138A458FC8 /* ConnectedAppsView.swift in Sources */,
				331E2C3079D645388D989C5F /* ContentView.swift in Sources */,
				78B059CFF54FBDC73006BB61 /* ImportWalletView.swift in Sources */,
				81E941D44151437F00B9D275 /* NetworksView.swift in Sources */,
				AF924776718AEFA531EB5386 /* SeedBackupView.swift in Sources */,
				9B0B0D79020D9B932D682B2D /* SendView.swift in Sources */,
				AB78095404229B6DDA8BE9B8 /* SettingsView.swift in Sources */,
				E292768894ED7B288CAE1D8F /* SetupView.swift in Sources */,
				084D7587D0152B43C64A9A69 /* StupidWallet.swift in Sources */,
				357FE8DAA1835CCED8DF8206 /* TokensView.swift in Sources */,
				4A3181375724E58C6F0F0BCD /* WalletViewModel.swift in Sources */,
			);
			runOnlyForDeploymentPostprocessing = 0;
		};
		B29FF1BD3CABE939E08F951A /* Sources */ = {
			isa = PBXSourcesBuildPhase;
			buildActionMask = 2147483647;
			files = (
				0EEFB3DF928A1F021BE2C2BA /* SafariWebExtensionHandler.swift in Sources */,
			);
			runOnlyForDeploymentPostprocessing = 0;
		};
		BC9F3B118FBCF1EF186C7B83 /* Sources */ = {
			isa = PBXSourcesBuildPhase;
			buildActionMask = 2147483647;
			files = (
				935F28C058FD8524E28686FD /* ABI.swift in Sources */,
				651EAC79BD7DC5BC369269C9 /* ActivityStore.swift in Sources */,
				C2126FBB620493328DA32F48 /* ApprovalExecutor.swift in Sources */,
				460F603B0EA70E9737C8D504 /* ApprovalRequest.swift in Sources */,
				257B3A8313A3111EA810CA62 /* AuthorizationService.swift in Sources */,
				5604C94E3224E30554810401 /* BIP39.swift in Sources */,
				455DDFD74DA2EAEFF16F2787 /* BIP39EnglishWords.swift in Sources */,
				16DC509700AD4F438171F279 /* BalanceCache.swift in Sources */,
				31F6D274EB7C5789882CEAEC /* ChainStore.swift in Sources */,
				E5C9EB244C40FFD4159B4216 /* ChromeNativeProtocol.swift in Sources */,
				3560CD740097FFB2A29D42AA /* ChromePairing.swift in Sources */,
				ECA6CC4E5C0E4C3639A7A0F1 /* ClearSigning.swift in Sources */,
				B047446DF1C3060B7F731F88 /* ClearSigningFormatter.swift in Sources */,
				798AA80EE13854D165840A68 /* ClearSigningRegistry.swift in Sources */,
				A16BA1691E0970AA8A9B1166 /* ConnectedSitesStore.swift in Sources */,
				32FB4C2359A9877034D96C05 /* ConnectionState.swift in Sources */,
				F50ED9B75F57038560EC6904 /* DecimalValue.swift in Sources */,
				C58D47BA70FC9F828AACAF0F /* EIP5792.swift in Sources */,
				3A40DD79B98CC2E96E9FE012 /* EIP712.swift in Sources */,
				860D6AEF78F596394BCD0AFA /* EIP7702.swift in Sources */,
				0D4294DFCE7AB070AC01C5F9 /* ENSResolver.swift in Sources */,
				23754A094EE5E086C5433284 /* EthereumKeys.swift in Sources */,
				45C338D27601C3984B1B58DB /* JSONValue.swift in Sources */,
				DA9DD51E7CC7C2F04FCB5014 /* Keccak.swift in Sources */,
				8035F9042C2D3C092A77AC95 /* KeychainKeyStore.swift in Sources */,
				90D83F3981A5B36CA2DC257C /* KeychainSeedStore.swift in Sources */,
				269940C61F5D34C2A1DF9429 /* LocalAuth.swift in Sources */,
				E5D0EA15B6F03F1975EA26D3 /* MessageHash.swift in Sources */,
				5C27B09A9B6ED5D49F520C09 /* MethodPolicy.swift in Sources */,
				1F46696A6B991978E17E6512 /* NativeBalance.swift in Sources */,
				82F268D29CC75016A85CE52B /* NativeSendMaximum.swift in Sources */,
				FB39F2118584E735F129DA8B /* NativeWalletDispatcher.swift in Sources */,
				88A4BB964FAAF1E5617C22C1 /* NetworkStore.swift in Sources */,
				B7D26D73CB4E7C0940C3ED1A /* Origin.swift in Sources */,
				901081B6FBB502C267109087 /* PendingWalletRequest.swift in Sources */,
				7C671832BF213D04C404AA3A /* PersistenceFaultInjection.swift in Sources */,
				CA769F42B5E5B63F46EA80FF /* Portfolio.swift in Sources */,
				1120A98E4BFCA1BA6809A306 /* ProtectedOperationCancellation.swift in Sources */,
				064C9F3470A70AAED936E590 /* RLP.swift in Sources */,
				BBF973C7C12BF20C8B4980FD /* RPCClient.swift in Sources */,
				F004BC0644C12EA7CAB3D941 /* RPCOverrideStore.swift in Sources */,
				E76C72791DBEB336D9C6BBD8 /* SIWE.swift in Sources */,
				264735E1789A7B55F7828A08 /* Secp256k1.swift in Sources */,
				447D58C9AAC9B945823AA7FA /* SecurityWalletBackend.swift in Sources */,
				D64E72BC3C88BF2FF012FB88 /* SendAmountInput.swift in Sources */,
				B93631977D9D66E94526C5F5 /* Signing.swift in Sources */,
				690E035E21F2BF2B46BF6CAC /* Simple7702AccountDeployment.swift in Sources */,
				65D9B99674DC8D618808B118 /* Simple7702AccountDeploymentStore.swift in Sources */,
				E957CE460AF5B8184B5DF328 /* StupidTokensClient.swift in Sources */,
				EA89E566C40BBBBAEA53BF1F /* TokenStore.swift in Sources */,
				A71A8CC8FD21BDB23A264F72 /* TokenTransfer.swift in Sources */,
				9D5D0E9173BD462AED0641B2 /* Transaction.swift in Sources */,
				3298D300D0050C6F6A6EA012 /* TransactionSubmissionLock.swift in Sources */,
				F77EEED7BCDC5427AC4C9476 /* WalletBalanceModel.swift in Sources */,
				5E4E52C28DD92C6C0A3998A0 /* WalletBalanceService.swift in Sources */,
				80BC41EC874DC4921F2E3223 /* WalletFactory.swift in Sources */,
				C99A2407B9022F833263546B /* WalletGroupLifecycle.swift in Sources */,
				F3530650CDB1E72FCA33639B /* WalletGroupManager.swift in Sources */,
				BB0DC6B0B1D7AF1963BCB0C9 /* WalletMigration.swift in Sources */,
				7856C21B1F3DDFD20D888829 /* WalletRegistry.swift in Sources */,
				D1451D52C96C371652A23415 /* WalletRegistryAdoption.swift in Sources */,
				2CD8E512B17D995551F303A3 /* WalletService.swift in Sources */,
				39A75459040A870C4A7939D9 /* WalletStore.swift in Sources */,
				36F33BABE207D435693DC061 /* WalletToken.swift in Sources */,
				946E240DE98D9D72B1EA6744 /* shim_precomputed_ecmult.c in Sources */,
				059C93ACEBE172A3BE967255 /* shim_precomputed_ecmult_gen.c in Sources */,
				C576C2707FD86781E12F8198 /* shim_secp256k1.c in Sources */,
			);
			runOnlyForDeploymentPostprocessing = 0;
		};
/* End PBXSourcesBuildPhase section */

/* Begin PBXTargetDependency section */
		13BCAB2EDE02229367C61DBB /* PBXTargetDependency */ = {
			isa = PBXTargetDependency;
			target = E9AE8E609738DA60E3FABA96 /* StupidWalletSafariExt */;
			targetProxy = D5B39E63686FF7EEC9BC74B9 /* PBXContainerItemProxy */;
		};
		7DC2F2EE12F242D2DE9019A4 /* PBXTargetDependency */ = {
			isa = PBXTargetDependency;
			target = 2A4DC35BF950229B39AF467A /* StupidWalletCore */;
			targetProxy = 3E45272E30288406789AC58C /* PBXContainerItemProxy */;
		};
		D21EA61AC0C7A9030A50D31C /* PBXTargetDependency */ = {
			isa = PBXTargetDependency;
			target = 91AC89F63B19FDA943A2D282 /* ENSNormalize */;
			targetProxy = 80ADBB1983E36ADCCBDE3C8C /* PBXContainerItemProxy */;
		};
		EEDA0BBECE54F530E50FC587 /* PBXTargetDependency */ = {
			isa = PBXTargetDependency;
			target = 2A4DC35BF950229B39AF467A /* StupidWalletCore */;
			targetProxy = 4ED73FF6E6D4F74F292EF3CD /* PBXContainerItemProxy */;
		};
/* End PBXTargetDependency section */

/* Begin XCBuildConfiguration section */
		36A80528CD56AC094AF0CE40 /* Debug */ = {
			isa = XCBuildConfiguration;
			buildSettings = {
				CODE_SIGN_IDENTITY = "";
				CURRENT_PROJECT_VERSION = 1;
				DEFINES_MODULE = YES;
				DYLIB_COMPATIBILITY_VERSION = 1;
				DYLIB_CURRENT_VERSION = 1;
				DYLIB_INSTALL_NAME_BASE = "@rpath";
				GENERATE_INFOPLIST_FILE = YES;
				INSTALL_PATH = "$(LOCAL_LIBRARY_DIR)/Frameworks";
				LD_RUNPATH_SEARCH_PATHS = (
					"$(inherited)",
					"@executable_path/Frameworks",
				);
				PRODUCT_BUNDLE_IDENTIFIER = net.stupidtech.ENSNormalize;
				PRODUCT_MODULE_NAME = ENSNormalize;
				SDKROOT = iphoneos;
				SKIP_INSTALL = YES;
				TARGETED_DEVICE_FAMILY = "1,2";
				VERSIONING_SYSTEM = "apple-generic";
			};
			name = Debug;
		};
		3FA89C797C2BF1E75A824E1E /* Release */ = {
			isa = XCBuildConfiguration;
			buildSettings = {
				CODE_SIGN_IDENTITY = "";
				CURRENT_PROJECT_VERSION = 1;
				DEFINES_MODULE = YES;
				DYLIB_COMPATIBILITY_VERSION = 1;
				DYLIB_CURRENT_VERSION = 1;
				DYLIB_INSTALL_NAME_BASE = "@rpath";
				GENERATE_INFOPLIST_FILE = YES;
				INSTALL_PATH = "$(LOCAL_LIBRARY_DIR)/Frameworks";
				LD_RUNPATH_SEARCH_PATHS = (
					"$(inherited)",
					"@executable_path/Frameworks",
				);
				PRODUCT_BUNDLE_IDENTIFIER = net.stupidtech.ENSNormalize;
				PRODUCT_MODULE_NAME = ENSNormalize;
				SDKROOT = iphoneos;
				SKIP_INSTALL = YES;
				TARGETED_DEVICE_FAMILY = "1,2";
				VERSIONING_SYSTEM = "apple-generic";
			};
			name = Release;
		};
		514E871B74799D187480BA7F /* Release */ = {
			isa = XCBuildConfiguration;
			buildSettings = {
				CODE_SIGN_IDENTITY = "";
				CURRENT_PROJECT_VERSION = 1;
				DEFINES_MODULE = YES;
				DYLIB_COMPATIBILITY_VERSION = 1;
				DYLIB_CURRENT_VERSION = 1;
				DYLIB_INSTALL_NAME_BASE = "@rpath";
				GCC_PREPROCESSOR_DEFINITIONS = (
					"ENABLE_MODULE_RECOVERY=1",
					"ENABLE_MODULE_ECDH=1",
				);
				GENERATE_INFOPLIST_FILE = YES;
				HEADER_SEARCH_PATHS = (
					"$(SRCROOT)/../Sources/CSecp256k1/include",
				);
				INSTALL_PATH = "$(LOCAL_LIBRARY_DIR)/Frameworks";
				LD_RUNPATH_SEARCH_PATHS = (
					"$(inherited)",
					"@executable_path/Frameworks",
				);
				PRODUCT_BUNDLE_IDENTIFIER = co.za.stephancill.StupidWalletCore;
				PRODUCT_MODULE_NAME = StupidWalletCore;
				PRODUCT_NAME = StupidWalletCore;
				SDKROOT = iphoneos;
				SKIP_INSTALL = YES;
				SWIFT_INCLUDE_PATHS = (
					"$(SRCROOT)/CSecp256k1Module",
				);
				TARGETED_DEVICE_FAMILY = "1,2";
				VERSIONING_SYSTEM = "apple-generic";
			};
			name = Release;
		};
		5A201390FE940DADE4A8186D /* Debug */ = {
			isa = XCBuildConfiguration;
			buildSettings = {
				ALWAYS_SEARCH_USER_PATHS = NO;
				CLANG_ANALYZER_NONNULL = YES;
				CLANG_ANALYZER_NUMBER_OBJECT_CONVERSION = YES_AGGRESSIVE;
				CLANG_CXX_LANGUAGE_STANDARD = "gnu++14";
				CLANG_CXX_LIBRARY = "libc++";
				CLANG_ENABLE_MODULES = YES;
				CLANG_ENABLE_OBJC_ARC = YES;
				CLANG_ENABLE_OBJC_WEAK = YES;
				CLANG_WARN_BLOCK_CAPTURE_AUTORELEASING = YES;
				CLANG_WARN_BOOL_CONVERSION = YES;
				CLANG_WARN_COMMA = YES;
				CLANG_WARN_CONSTANT_CONVERSION = YES;
				CLANG_WARN_DEPRECATED_OBJC_IMPLEMENTATIONS = YES;
				CLANG_WARN_DIRECT_OBJC_ISA_USAGE = YES_ERROR;
				CLANG_WARN_DOCUMENTATION_COMMENTS = YES;
				CLANG_WARN_EMPTY_BODY = YES;
				CLANG_WARN_ENUM_CONVERSION = YES;
				CLANG_WARN_INFINITE_RECURSION = YES;
				CLANG_WARN_INT_CONVERSION = YES;
				CLANG_WARN_NON_LITERAL_NULL_CONVERSION = YES;
				CLANG_WARN_OBJC_IMPLICIT_RETAIN_SELF = YES;
				CLANG_WARN_OBJC_LITERAL_CONVERSION = YES;
				CLANG_WARN_OBJC_ROOT_CLASS = YES_ERROR;
				CLANG_WARN_QUOTED_INCLUDE_IN_FRAMEWORK_HEADER = YES;
				CLANG_WARN_RANGE_LOOP_ANALYSIS = YES;
				CLANG_WARN_STRICT_PROTOTYPES = YES;
				CLANG_WARN_SUSPICIOUS_MOVE = YES;
				CLANG_WARN_UNGUARDED_AVAILABILITY = YES_AGGRESSIVE;
				CLANG_WARN_UNREACHABLE_CODE = YES;
				CLANG_WARN__DUPLICATE_METHOD_MATCH = YES;
				COPY_PHASE_STRIP = NO;
				DEBUG_INFORMATION_FORMAT = dwarf;
				ENABLE_DEBUG_DYLIB = NO;
				ENABLE_STRICT_OBJC_MSGSEND = YES;
				ENABLE_TESTABILITY = YES;
				GCC_C_LANGUAGE_STANDARD = gnu11;
				GCC_DYNAMIC_NO_PIC = NO;
				GCC_NO_COMMON_BLOCKS = YES;
				GCC_OPTIMIZATION_LEVEL = 0;
				GCC_PREPROCESSOR_DEFINITIONS = (
					"$(inherited)",
					"DEBUG=1",
				);
				GCC_WARN_64_TO_32_BIT_CONVERSION = YES;
				GCC_WARN_ABOUT_RETURN_TYPE = YES_ERROR;
				GCC_WARN_UNDECLARED_SELECTOR = YES;
				GCC_WARN_UNINITIALIZED_AUTOS = YES_AGGRESSIVE;
				GCC_WARN_UNUSED_FUNCTION = YES;
				GCC_WARN_UNUSED_VARIABLE = YES;
				IPHONEOS_DEPLOYMENT_TARGET = 17.0;
				MTL_ENABLE_DEBUG_INFO = INCLUDE_SOURCE;
				MTL_FAST_MATH = YES;
				ONLY_ACTIVE_ARCH = YES;
				PRODUCT_NAME = "$(TARGET_NAME)";
				SDKROOT = iphoneos;
				SWIFT_ACTIVE_COMPILATION_CONDITIONS = DEBUG;
				SWIFT_OPTIMIZATION_LEVEL = "-Onone";
				SWIFT_VERSION = 5.0;
			};
			name = Debug;
		};
		62AA04352B38D9F217DB0685 /* Debug */ = {
			isa = XCBuildConfiguration;
			buildSettings = {
				CODE_SIGN_IDENTITY = "";
				CURRENT_PROJECT_VERSION = 1;
				DEFINES_MODULE = YES;
				DYLIB_COMPATIBILITY_VERSION = 1;
				DYLIB_CURRENT_VERSION = 1;
				DYLIB_INSTALL_NAME_BASE = "@rpath";
				GCC_PREPROCESSOR_DEFINITIONS = (
					"ENABLE_MODULE_RECOVERY=1",
					"ENABLE_MODULE_ECDH=1",
				);
				GENERATE_INFOPLIST_FILE = YES;
				HEADER_SEARCH_PATHS = (
					"$(SRCROOT)/../Sources/CSecp256k1/include",
				);
				INSTALL_PATH = "$(LOCAL_LIBRARY_DIR)/Frameworks";
				LD_RUNPATH_SEARCH_PATHS = (
					"$(inherited)",
					"@executable_path/Frameworks",
				);
				PRODUCT_BUNDLE_IDENTIFIER = co.za.stephancill.StupidWalletCore;
				PRODUCT_MODULE_NAME = StupidWalletCore;
				PRODUCT_NAME = StupidWalletCore;
				SDKROOT = iphoneos;
				SKIP_INSTALL = YES;
				SWIFT_INCLUDE_PATHS = (
					"$(SRCROOT)/CSecp256k1Module",
				);
				TARGETED_DEVICE_FAMILY = "1,2";
				VERSIONING_SYSTEM = "apple-generic";
			};
			name = Debug;
		};
		7B95051162DF9577787EFCF1 /* Debug */ = {
			isa = XCBuildConfiguration;
			buildSettings = {
				ASSETCATALOG_COMPILER_APPICON_NAME = AppIcon;
				CODE_SIGN_ENTITLEMENTS = App.entitlements;
				CODE_SIGN_IDENTITY = "Apple Development: Created via API (P6ZUM5V6TP)";
				CODE_SIGN_STYLE = Manual;
				DEVELOPMENT_TEAM = 6JKMV57Y77;
				GENERATE_INFOPLIST_FILE = NO;
				INFOPLIST_FILE = "Info-App.plist";
				LD_RUNPATH_SEARCH_PATHS = (
					"$(inherited)",
					"@executable_path/Frameworks",
				);
				PRODUCT_BUNDLE_IDENTIFIER = "co.za.stephancill.stupid-wallet";
				PRODUCT_MODULE_NAME = StupidWallet;
				PRODUCT_NAME = StupidWallet;
				PROVISIONING_PROFILE_SPECIFIER = "StupidWallet-Mac-NativeMessaging co.za.stephancill.stupid-wallet Development";
				SDKROOT = iphoneos;
				SWIFT_INCLUDE_PATHS = (
					"$(SRCROOT)/CSecp256k1Module",
				);
				TARGETED_DEVICE_FAMILY = "1,2";
			};
			name = Debug;
		};
		816C61A2D49BBD18AE2F62D8 /* Release */ = {
			isa = XCBuildConfiguration;
			buildSettings = {
				CODE_SIGN_ENTITLEMENTS = SafariExtension.entitlements;
				CODE_SIGN_IDENTITY = "Apple Development: Created via API (P6ZUM5V6TP)";
				CODE_SIGN_STYLE = Manual;
				DEVELOPMENT_TEAM = 6JKMV57Y77;
				GENERATE_INFOPLIST_FILE = NO;
				INFOPLIST_FILE = "Info-Ext.plist";
				LD_RUNPATH_SEARCH_PATHS = (
					"$(inherited)",
					"@executable_path/Frameworks",
					"@executable_path/../../Frameworks",
				);
				PRODUCT_BUNDLE_IDENTIFIER = "co.za.stephancill.stupid-wallet.extension";
				PRODUCT_MODULE_NAME = StupidWalletSafari;
				PRODUCT_NAME = StupidWalletSafari;
				PROVISIONING_PROFILE_SPECIFIER = "StupidWallet-Mac-NativeMessaging co.za.stephancill.stupid-wallet.extension Development";
				SDKROOT = iphoneos;
				SWIFT_INCLUDE_PATHS = (
					"$(SRCROOT)/CSecp256k1Module",
				);
				TARGETED_DEVICE_FAMILY = "1,2";
			};
			name = Release;
		};
		946A4C5C915045D1B7BECAEC /* Release */ = {
			isa = XCBuildConfiguration;
			buildSettings = {
				ASSETCATALOG_COMPILER_APPICON_NAME = AppIcon;
				CODE_SIGN_ENTITLEMENTS = App.entitlements;
				CODE_SIGN_IDENTITY = "Apple Development: Created via API (P6ZUM5V6TP)";
				CODE_SIGN_STYLE = Manual;
				DEVELOPMENT_TEAM = 6JKMV57Y77;
				GENERATE_INFOPLIST_FILE = NO;
				INFOPLIST_FILE = "Info-App.plist";
				LD_RUNPATH_SEARCH_PATHS = (
					"$(inherited)",
					"@executable_path/Frameworks",
				);
				PRODUCT_BUNDLE_IDENTIFIER = "co.za.stephancill.stupid-wallet";
				PRODUCT_MODULE_NAME = StupidWallet;
				PRODUCT_NAME = StupidWallet;
				PROVISIONING_PROFILE_SPECIFIER = "StupidWallet-Mac-NativeMessaging co.za.stephancill.stupid-wallet Development";
				SDKROOT = iphoneos;
				SWIFT_INCLUDE_PATHS = (
					"$(SRCROOT)/CSecp256k1Module",
				);
				TARGETED_DEVICE_FAMILY = "1,2";
			};
			name = Release;
		};
		9B734CBC2B8C9E1CA4852D89 /* Release */ = {
			isa = XCBuildConfiguration;
			buildSettings = {
				ALWAYS_SEARCH_USER_PATHS = NO;
				CLANG_ANALYZER_NONNULL = YES;
				CLANG_ANALYZER_NUMBER_OBJECT_CONVERSION = YES_AGGRESSIVE;
				CLANG_CXX_LANGUAGE_STANDARD = "gnu++14";
				CLANG_CXX_LIBRARY = "libc++";
				CLANG_ENABLE_MODULES = YES;
				CLANG_ENABLE_OBJC_ARC = YES;
				CLANG_ENABLE_OBJC_WEAK = YES;
				CLANG_WARN_BLOCK_CAPTURE_AUTORELEASING = YES;
				CLANG_WARN_BOOL_CONVERSION = YES;
				CLANG_WARN_COMMA = YES;
				CLANG_WARN_CONSTANT_CONVERSION = YES;
				CLANG_WARN_DEPRECATED_OBJC_IMPLEMENTATIONS = YES;
				CLANG_WARN_DIRECT_OBJC_ISA_USAGE = YES_ERROR;
				CLANG_WARN_DOCUMENTATION_COMMENTS = YES;
				CLANG_WARN_EMPTY_BODY = YES;
				CLANG_WARN_ENUM_CONVERSION = YES;
				CLANG_WARN_INFINITE_RECURSION = YES;
				CLANG_WARN_INT_CONVERSION = YES;
				CLANG_WARN_NON_LITERAL_NULL_CONVERSION = YES;
				CLANG_WARN_OBJC_IMPLICIT_RETAIN_SELF = YES;
				CLANG_WARN_OBJC_LITERAL_CONVERSION = YES;
				CLANG_WARN_OBJC_ROOT_CLASS = YES_ERROR;
				CLANG_WARN_QUOTED_INCLUDE_IN_FRAMEWORK_HEADER = YES;
				CLANG_WARN_RANGE_LOOP_ANALYSIS = YES;
				CLANG_WARN_STRICT_PROTOTYPES = YES;
				CLANG_WARN_SUSPICIOUS_MOVE = YES;
				CLANG_WARN_UNGUARDED_AVAILABILITY = YES_AGGRESSIVE;
				CLANG_WARN_UNREACHABLE_CODE = YES;
				CLANG_WARN__DUPLICATE_METHOD_MATCH = YES;
				COPY_PHASE_STRIP = NO;
				DEBUG_INFORMATION_FORMAT = "dwarf-with-dsym";
				ENABLE_DEBUG_DYLIB = NO;
				ENABLE_NS_ASSERTIONS = NO;
				ENABLE_STRICT_OBJC_MSGSEND = YES;
				GCC_C_LANGUAGE_STANDARD = gnu11;
				GCC_NO_COMMON_BLOCKS = YES;
				GCC_WARN_64_TO_32_BIT_CONVERSION = YES;
				GCC_WARN_ABOUT_RETURN_TYPE = YES_ERROR;
				GCC_WARN_UNDECLARED_SELECTOR = YES;
				GCC_WARN_UNINITIALIZED_AUTOS = YES_AGGRESSIVE;
				GCC_WARN_UNUSED_FUNCTION = YES;
				GCC_WARN_UNUSED_VARIABLE = YES;
				IPHONEOS_DEPLOYMENT_TARGET = 17.0;
				MTL_ENABLE_DEBUG_INFO = NO;
				MTL_FAST_MATH = YES;
				PRODUCT_NAME = "$(TARGET_NAME)";
				SDKROOT = iphoneos;
				SWIFT_COMPILATION_MODE = wholemodule;
				SWIFT_OPTIMIZATION_LEVEL = "-O";
				SWIFT_VERSION = 5.0;
			};
			name = Release;
		};
		F28E246170B8BAF2EC372F29 /* Debug */ = {
			isa = XCBuildConfiguration;
			buildSettings = {
				CODE_SIGN_ENTITLEMENTS = SafariExtension.entitlements;
				CODE_SIGN_IDENTITY = "Apple Development: Created via API (P6ZUM5V6TP)";
				CODE_SIGN_STYLE = Manual;
				DEVELOPMENT_TEAM = 6JKMV57Y77;
				GENERATE_INFOPLIST_FILE = NO;
				INFOPLIST_FILE = "Info-Ext.plist";
				LD_RUNPATH_SEARCH_PATHS = (
					"$(inherited)",
					"@executable_path/Frameworks",
					"@executable_path/../../Frameworks",
				);
				PRODUCT_BUNDLE_IDENTIFIER = "co.za.stephancill.stupid-wallet.extension";
				PRODUCT_MODULE_NAME = StupidWalletSafari;
				PRODUCT_NAME = StupidWalletSafari;
				PROVISIONING_PROFILE_SPECIFIER = "StupidWallet-Mac-NativeMessaging co.za.stephancill.stupid-wallet.extension Development";
				SDKROOT = iphoneos;
				SWIFT_INCLUDE_PATHS = (
					"$(SRCROOT)/CSecp256k1Module",
				);
				TARGETED_DEVICE_FAMILY = "1,2";
			};
			name = Debug;
		};
/* End XCBuildConfiguration section */

/* Begin XCConfigurationList section */
		12920F39FA5E22C9968F8137 /* Build configuration list for PBXNativeTarget "ENSNormalize" */ = {
			isa = XCConfigurationList;
			buildConfigurations = (
				36A80528CD56AC094AF0CE40 /* Debug */,
				3FA89C797C2BF1E75A824E1E /* Release */,
			);
			defaultConfigurationIsVisible = 0;
			defaultConfigurationName = Debug;
		};
		3E104A1E91CE2B625EB1FA8D /* Build configuration list for PBXProject "StupidWalletMac" */ = {
			isa = XCConfigurationList;
			buildConfigurations = (
				5A201390FE940DADE4A8186D /* Debug */,
				9B734CBC2B8C9E1CA4852D89 /* Release */,
			);
			defaultConfigurationIsVisible = 0;
			defaultConfigurationName = Debug;
		};
		45E74E9C5ABE9B0274D275C7 /* Build configuration list for PBXNativeTarget "StupidWalletCore" */ = {
			isa = XCConfigurationList;
			buildConfigurations = (
				62AA04352B38D9F217DB0685 /* Debug */,
				514E871B74799D187480BA7F /* Release */,
			);
			defaultConfigurationIsVisible = 0;
			defaultConfigurationName = Debug;
		};
		EAABE6FBE900E60BA5EBC9F5 /* Build configuration list for PBXNativeTarget "StupidWalletSafariExt" */ = {
			isa = XCConfigurationList;
			buildConfigurations = (
				F28E246170B8BAF2EC372F29 /* Debug */,
				816C61A2D49BBD18AE2F62D8 /* Release */,
			);
			defaultConfigurationIsVisible = 0;
			defaultConfigurationName = Debug;
		};
		FE965602FD7F99E2D63729AD /* Build configuration list for PBXNativeTarget "StupidWalletApp" */ = {
			isa = XCConfigurationList;
			buildConfigurations = (
				7B95051162DF9577787EFCF1 /* Debug */,
				946A4C5C915045D1B7BECAEC /* Release */,
			);
			defaultConfigurationIsVisible = 0;
			defaultConfigurationName = Debug;
		};
/* End XCConfigurationList section */
	};
	rootObject = 648475AF30962ED0962CA095 /* Project object */;
}
